
Microsoft Visual Studio Solution File, Format Version 12.00
# Visual Studio 2012
Project("{FAE04EC0-301F-11D3-BF4B-00C04F79EFBC}") = "EzTimeiOS", "EzTimeiOS.csproj", "{5FD9215D-5F41-4D48-8EF9-CD39597BF2F7}"
EndProject
Global
	GlobalSection(SolutionConfigurationPlatforms) = preSolution
		Debug|iPhoneSimulator = Debug|iPhoneSimulator
		Release|iPhone = Release|iPhone
		Release|iPhoneSimulator = Release|iPhoneSimulator
		Debug|iPhone = Debug|iPhone
	EndGlobalSection
	GlobalSection(ProjectConfigurationPlatforms) = postSolution
		{5FD9215D-5F41-4D48-8EF9-CD39597BF2F7}.Debug|iPhoneSimulator.ActiveCfg = Debug|iPhoneSimulator
		{5FD9215D-5F41-4D48-8EF9-CD39597BF2F7}.Debug|iPhoneSimulator.Build.0 = Debug|iPhoneSimulator
		{5FD9215D-5F41-4D48-8EF9-CD39597BF2F7}.Release|iPhone.ActiveCfg = Release|iPhone
		{5FD9215D-5F41-4D48-8EF9-CD39597BF2F7}.Release|iPhone.Build.0 = Release|iPhone
		{5FD9215D-5F41-4D48-8EF9-CD39597BF2F7}.Release|iPhoneSimulator.ActiveCfg = Release|iPhoneSimulator
		{5FD9215D-5F41-4D48-8EF9-CD39597BF2F7}.Release|iPhoneSimulator.Build.0 = Release|iPhoneSimulator
		{5FD9215D-5F41-4D48-8EF9-CD39597BF2F7}.Debug|iPhone.ActiveCfg = Debug|iPhone
		{5FD9215D-5F41-4D48-8EF9-CD39597BF2F7}.Debug|iPhone.Build.0 = Debug|iPhone
	EndGlobalSection
EndGlobal
